# This file is generated by running "yarn install" inside your project.
# Manual changes might be lost - proceed with caution!

__metadata:
  version: 8
  cacheKey: 10c0

"@types/bindings@npm:^1.3.0":
  version: 1.5.5
  resolution: "@types/bindings@npm:1.5.5"
  dependencies:
    "@types/node": "npm:*"
  checksum: 10c0/c8b252f44d9b45df870b31d464424fb93d022650fcb70cc54378cbc63cbe097ef30d51a69d2fb2df14ffb2e76230d222a24d3858735f6898be66d1ca47072eee
  languageName: node
  linkType: hard

"@types/node@npm:*":
  version: 22.10.3
  resolution: "@types/node@npm:22.10.3"
  dependencies:
    undici-types: "npm:~6.20.0"
  checksum: 10c0/0471a73c8672c803b1f2b912c2c466d00a217186933e8ff38ec7779b4a3f88a0eea3b513a59f2abf9de17cc8bbca688a3c6643c6513ac8dd1c3e45d25fab93b1
  languageName: node
  linkType: hard

"@types/node@npm:^10.9.4":
  version: 10.17.60
  resolution: "@types/node@npm:10.17.60"
  checksum: 10c0/0742294912a6e79786cdee9ed77cff6ee8ff007b55d8e21170fc3e5994ad3a8101fea741898091876f8dc32b0a5ae3d64537b7176799e92da56346028d2cbcd2
  languageName: node
  linkType: hard

"@types/progress@npm:^2.0.3":
  version: 2.0.7
  resolution: "@types/progress@npm:2.0.7"
  dependencies:
    "@types/node": "npm:*"
  checksum: 10c0/1e387b59a3a19562e49b9ac43db8fb78d2d3ad9168fa54585a9455f9bb530e43a6a69c30dfb44a6fdd10e4bc7a2fb431d71d514f1bc191c2e1c76d3e0314df74
  languageName: node
  linkType: hard

"@types/webgl2@npm:0.0.11":
  version: 0.0.11
  resolution: "@types/webgl2@npm:0.0.11"
  checksum: 10c0/4bb807e700a262928fb322c11f831042ba513ec124c6e50da31d0162dc7ced5707ade39f44ec5846d638c9c0927e73d68c27a39fd305e69745ea14428616348a
  languageName: node
  linkType: hard

"adm-zip@npm:^0.4.13":
  version: 0.4.16
  resolution: "adm-zip@npm:0.4.16"
  checksum: 10c0/c56c6e138fd19006155fc716acae14d54e07c267ae19d78c8a8cdca04762bf20170a71a41aa8d8bad2f13b70d4f3e9a191009bafa5280e05a440ee506f871a55
  languageName: node
  linkType: hard

"agent-base@npm:^4.3.0":
  version: 4.3.0
  resolution: "agent-base@npm:4.3.0"
  dependencies:
    es6-promisify: "npm:^5.0.0"
  checksum: 10c0/a618d4e4ca7c0c2023b2664346570773455c501a930718764f65016a8a9eea6d2ab5ba54255589e46de529bab4026a088523dce17f94e34ba385af1f644febe1
  languageName: node
  linkType: hard

"ansi-regex@npm:^5.0.1":
  version: 5.0.1
  resolution: "ansi-regex@npm:5.0.1"
  checksum: 10c0/9a64bb8627b434ba9327b60c027742e5d17ac69277960d041898596271d992d4d52ba7267a63ca10232e29f6107fc8a835f6ce8d719b88c5f8493f8254813737
  languageName: node
  linkType: hard

"ansi-styles@npm:^4.0.0, ansi-styles@npm:^4.1.0":
  version: 4.3.0
  resolution: "ansi-styles@npm:4.3.0"
  dependencies:
    color-convert: "npm:^2.0.1"
  checksum: 10c0/895a23929da416f2bd3de7e9cb4eabd340949328ab85ddd6e484a637d8f6820d485f53933446f5291c3b760cbc488beb8e88573dd0f9c7daf83dccc8fe81b041
  languageName: node
  linkType: hard

"arrify@npm:^1.0.0":
  version: 1.0.1
  resolution: "arrify@npm:1.0.1"
  checksum: 10c0/c35c8d1a81bcd5474c0c57fe3f4bad1a4d46a5fa353cedcff7a54da315df60db71829e69104b859dff96c5d68af46bd2be259fe5e50dc6aa9df3b36bea0383ab
  languageName: node
  linkType: hard

"async@npm:^3.2.3":
  version: 3.2.6
  resolution: "async@npm:3.2.6"
  checksum: 10c0/36484bb15ceddf07078688d95e27076379cc2f87b10c03b6dd8a83e89475a3c8df5848859dd06a4c95af1e4c16fc973de0171a77f18ea00be899aca2a4f85e70
  languageName: node
  linkType: hard

"balanced-match@npm:^1.0.0":
  version: 1.0.2
  resolution: "balanced-match@npm:1.0.2"
  checksum: 10c0/9308baf0a7e4838a82bbfd11e01b1cb0f0cf2893bc1676c27c2a8c0e70cbae1c59120c3268517a8ae7fb6376b4639ef81ca22582611dbee4ed28df945134aaee
  languageName: node
  linkType: hard

"bindings@npm:^1.3.0":
  version: 1.5.0
  resolution: "bindings@npm:1.5.0"
  dependencies:
    file-uri-to-path: "npm:1.0.0"
  checksum: 10c0/3dab2491b4bb24124252a91e656803eac24292473e56554e35bbfe3cc1875332cfa77600c3bac7564049dc95075bf6fcc63a4609920ff2d64d0fe405fcf0d4ba
  languageName: node
  linkType: hard

"brace-expansion@npm:^1.1.7":
  version: 1.1.11
  resolution: "brace-expansion@npm:1.1.11"
  dependencies:
    balanced-match: "npm:^1.0.0"
    concat-map: "npm:0.0.1"
  checksum: 10c0/695a56cd058096a7cb71fb09d9d6a7070113c7be516699ed361317aca2ec169f618e28b8af352e02ab4233fb54eb0168460a40dc320bab0034b36ab59aaad668
  languageName: node
  linkType: hard

"buffer-from@npm:^1.0.0, buffer-from@npm:^1.1.0":
  version: 1.1.2
  resolution: "buffer-from@npm:1.1.2"
  checksum: 10c0/124fff9d66d691a86d3b062eff4663fe437a9d9ee4b47b1b9e97f5a5d14f6d5399345db80f796827be7c95e70a8e765dd404b7c3ff3b3324f98e9b0c8826cc34
  languageName: node
  linkType: hard

"chalk@npm:^4.1.0":
  version: 4.1.2
  resolution: "chalk@npm:4.1.2"
  dependencies:
    ansi-styles: "npm:^4.1.0"
    supports-color: "npm:^7.1.0"
  checksum: 10c0/4a3fef5cc34975c898ffe77141450f679721df9dde00f6c304353fa9c8b571929123b26a0e4617bde5018977eb655b31970c297b91b63ee83bb82aeb04666880
  languageName: node
  linkType: hard

"chownr@npm:^2.0.0":
  version: 2.0.0
  resolution: "chownr@npm:2.0.0"
  checksum: 10c0/594754e1303672171cc04e50f6c398ae16128eb134a88f801bf5354fd96f205320f23536a045d9abd8b51024a149696e51231565891d4efdab8846021ecf88e6
  languageName: node
  linkType: hard

"clang-format@npm:^1.2.4":
  version: 1.8.0
  resolution: "clang-format@npm:1.8.0"
  dependencies:
    async: "npm:^3.2.3"
    glob: "npm:^7.0.0"
    resolve: "npm:^1.1.6"
  bin:
    check-clang-format: bin/check-clang-format.js
    clang-format: index.js
    git-clang-format: bin/git-clang-format
  checksum: 10c0/2bd1b9bc503695e8bf9571902c94759215b72f3d0fd8379e327181dd35df8775f82e8bbc38655554d294c83fcb55c081fe3736d057606bb0d535a87d8f29860e
  languageName: node
  linkType: hard

"cliui@npm:^7.0.2":
  version: 7.0.4
  resolution: "cliui@npm:7.0.4"
  dependencies:
    string-width: "npm:^4.2.0"
    strip-ansi: "npm:^6.0.0"
    wrap-ansi: "npm:^7.0.0"
  checksum: 10c0/6035f5daf7383470cef82b3d3db00bec70afb3423538c50394386ffbbab135e26c3689c41791f911fa71b62d13d3863c712fdd70f0fbdffd938a1e6fd09aac00
  languageName: node
  linkType: hard

"color-convert@npm:^2.0.1":
  version: 2.0.1
  resolution: "color-convert@npm:2.0.1"
  dependencies:
    color-name: "npm:~1.1.4"
  checksum: 10c0/37e1150172f2e311fe1b2df62c6293a342ee7380da7b9cfdba67ea539909afbd74da27033208d01d6d5cfc65ee7868a22e18d7e7648e004425441c0f8a15a7d7
  languageName: node
  linkType: hard

"color-name@npm:~1.1.4":
  version: 1.1.4
  resolution: "color-name@npm:1.1.4"
  checksum: 10c0/a1a3f914156960902f46f7f56bc62effc6c94e84b2cae157a526b1c1f74b677a47ec602bf68a61abfa2b42d15b7c5651c6dbe72a43af720bc588dff885b10f95
  languageName: node
  linkType: hard

"concat-map@npm:0.0.1":
  version: 0.0.1
  resolution: "concat-map@npm:0.0.1"
  checksum: 10c0/c996b1cfdf95b6c90fee4dae37e332c8b6eb7d106430c17d538034c0ad9a1630cb194d2ab37293b1bdd4d779494beee7786d586a50bd9376fd6f7bcc2bd4c98f
  languageName: node
  linkType: hard

"debug@npm:^3.1.0":
  version: 3.2.7
  resolution: "debug@npm:3.2.7"
  dependencies:
    ms: "npm:^2.1.1"
  checksum: 10c0/37d96ae42cbc71c14844d2ae3ba55adf462ec89fd3a999459dec3833944cd999af6007ff29c780f1c61153bcaaf2c842d1e4ce1ec621e4fc4923244942e4a02a
  languageName: node
  linkType: hard

"detect-indent@npm:^6.0.0":
  version: 6.1.0
  resolution: "detect-indent@npm:6.1.0"
  checksum: 10c0/dd83cdeda9af219cf77f5e9a0dc31d828c045337386cfb55ce04fad94ba872ee7957336834154f7647b89b899c3c7acc977c57a79b7c776b506240993f97acc7
  languageName: node
  linkType: hard

"diff@npm:^3.1.0":
  version: 3.5.0
  resolution: "diff@npm:3.5.0"
  checksum: 10c0/fc62d5ba9f6d1b8b5833380969037007913d4886997838c247c54ec6934f09ae5a07e17ae28b1f016018149d81df8ad89306f52eac1afa899e0bed49015a64d1
  languageName: node
  linkType: hard

"emoji-regex@npm:^8.0.0":
  version: 8.0.0
  resolution: "emoji-regex@npm:8.0.0"
  checksum: 10c0/b6053ad39951c4cf338f9092d7bfba448cdfd46fe6a2a034700b149ac9ffbc137e361cbd3c442297f86bed2e5f7576c1b54cc0a6bf8ef5106cc62f496af35010
  languageName: node
  linkType: hard

"es6-promise@npm:^4.0.3":
  version: 4.2.8
  resolution: "es6-promise@npm:4.2.8"
  checksum: 10c0/2373d9c5e9a93bdd9f9ed32ff5cb6dd3dd785368d1c21e9bbbfd07d16345b3774ae260f2bd24c8f836a6903f432b4151e7816a7fa8891ccb4e1a55a028ec42c3
  languageName: node
  linkType: hard

"es6-promisify@npm:^5.0.0":
  version: 5.0.0
  resolution: "es6-promisify@npm:5.0.0"
  dependencies:
    es6-promise: "npm:^4.0.3"
  checksum: 10c0/23284c6a733cbf7842ec98f41eac742c9f288a78753c4fe46652bae826446ced7615b9e8a5c5f121a08812b1cd478ea58630f3e1c3d70835bd5dcd69c7cd75c9
  languageName: node
  linkType: hard

"escalade@npm:^3.1.1":
  version: 3.2.0
  resolution: "escalade@npm:3.2.0"
  checksum: 10c0/ced4dd3a78e15897ed3be74e635110bbf3b08877b0a41be50dcb325ee0e0b5f65fc2d50e9845194d7c4633f327e2e1c6cce00a71b617c5673df0374201d67f65
  languageName: node
  linkType: hard

"file-uri-to-path@npm:1.0.0":
  version: 1.0.0
  resolution: "file-uri-to-path@npm:1.0.0"
  checksum: 10c0/3b545e3a341d322d368e880e1c204ef55f1d45cdea65f7efc6c6ce9e0c4d22d802d5629320eb779d006fe59624ac17b0e848d83cc5af7cd101f206cb704f5519
  languageName: node
  linkType: hard

"fs-extra@npm:^8.0.1":
  version: 8.1.0
  resolution: "fs-extra@npm:8.1.0"
  dependencies:
    graceful-fs: "npm:^4.2.0"
    jsonfile: "npm:^4.0.0"
    universalify: "npm:^0.1.0"
  checksum: 10c0/259f7b814d9e50d686899550c4f9ded85c46c643f7fe19be69504888e007fcbc08f306fae8ec495b8b998635e997c9e3e175ff2eeed230524ef1c1684cc96423
  languageName: node
  linkType: hard

"fs-minipass@npm:^2.0.0":
  version: 2.1.0
  resolution: "fs-minipass@npm:2.1.0"
  dependencies:
    minipass: "npm:^3.0.0"
  checksum: 10c0/703d16522b8282d7299337539c3ed6edddd1afe82435e4f5b76e34a79cd74e488a8a0e26a636afc2440e1a23b03878e2122e3a2cfe375a5cf63c37d92b86a004
  languageName: node
  linkType: hard

"fs.realpath@npm:^1.0.0":
  version: 1.0.0
  resolution: "fs.realpath@npm:1.0.0"
  checksum: 10c0/444cf1291d997165dfd4c0d58b69f0e4782bfd9149fd72faa4fe299e68e0e93d6db941660b37dd29153bf7186672ececa3b50b7e7249477b03fdf850f287c948
  languageName: node
  linkType: hard

"function-bind@npm:^1.1.2":
  version: 1.1.2
  resolution: "function-bind@npm:1.1.2"
  checksum: 10c0/d8680ee1e5fcd4c197e4ac33b2b4dce03c71f4d91717292785703db200f5c21f977c568d28061226f9b5900cbcd2c84463646134fd5337e7925e0942bc3f46d5
  languageName: node
  linkType: hard

"get-caller-file@npm:^2.0.5":
  version: 2.0.5
  resolution: "get-caller-file@npm:2.0.5"
  checksum: 10c0/c6c7b60271931fa752aeb92f2b47e355eac1af3a2673f47c9589e8f8a41adc74d45551c1bc57b5e66a80609f10ffb72b6f575e4370d61cc3f7f3aaff01757cde
  languageName: node
  linkType: hard

"glob@npm:^7.0.0, glob@npm:^7.1.3, glob@npm:^7.1.4, glob@npm:^7.1.6":
  version: 7.2.3
  resolution: "glob@npm:7.2.3"
  dependencies:
    fs.realpath: "npm:^1.0.0"
    inflight: "npm:^1.0.4"
    inherits: "npm:2"
    minimatch: "npm:^3.1.1"
    once: "npm:^1.3.0"
    path-is-absolute: "npm:^1.0.0"
  checksum: 10c0/65676153e2b0c9095100fe7f25a778bf45608eeb32c6048cf307f579649bcc30353277b3b898a3792602c65764e5baa4f643714dfbdfd64ea271d210c7a425fe
  languageName: node
  linkType: hard

"graceful-fs@npm:^4.1.6, graceful-fs@npm:^4.2.0":
  version: 4.2.11
  resolution: "graceful-fs@npm:4.2.11"
  checksum: 10c0/386d011a553e02bc594ac2ca0bd6d9e4c22d7fa8cfbfc448a6d148c59ea881b092db9dbe3547ae4b88e55f1b01f7c4a2ecc53b310c042793e63aa44cf6c257f2
  languageName: node
  linkType: hard

"has-flag@npm:^4.0.0":
  version: 4.0.0
  resolution: "has-flag@npm:4.0.0"
  checksum: 10c0/2e789c61b7888d66993e14e8331449e525ef42aac53c627cc53d1c3334e768bcb6abdc4f5f0de1478a25beec6f0bd62c7549058b7ac53e924040d4f301f02fd1
  languageName: node
  linkType: hard

"hasown@npm:^2.0.2":
  version: 2.0.2
  resolution: "hasown@npm:2.0.2"
  dependencies:
    function-bind: "npm:^1.1.2"
  checksum: 10c0/3769d434703b8ac66b209a4cca0737519925bbdb61dd887f93a16372b14694c63ff4e797686d87c90f08168e81082248b9b028bad60d4da9e0d1148766f56eb9
  languageName: node
  linkType: hard

"https-proxy-agent@npm:^2.2.3":
  version: 2.2.4
  resolution: "https-proxy-agent@npm:2.2.4"
  dependencies:
    agent-base: "npm:^4.3.0"
    debug: "npm:^3.1.0"
  checksum: 10c0/4bdde8fcd9ea0adc4a77282de2b4f9e27955e0441425af0f27f0fe01006946b80eaee6749e08e838d350c06ed2ebd5d11347d3beb88c45eacb0667e27276cdad
  languageName: node
  linkType: hard

"ignore-walk@npm:^3.0.3":
  version: 3.0.4
  resolution: "ignore-walk@npm:3.0.4"
  dependencies:
    minimatch: "npm:^3.0.4"
  checksum: 10c0/690372b433887796fa3badd25babab7daf60a1882259dcc130ec78eea79745c2416322e10d1a96b367071204471c532647d20b11cd7ab70bd9b49879e461f956
  languageName: node
  linkType: hard

"ignore@npm:^5.0.4":
  version: 5.3.2
  resolution: "ignore@npm:5.3.2"
  checksum: 10c0/f9f652c957983634ded1e7f02da3b559a0d4cc210fca3792cb67f1b153623c9c42efdc1c4121af171e295444459fc4a9201101fb041b1104a3c000bccb188337
  languageName: node
  linkType: hard

"inflight@npm:^1.0.4":
  version: 1.0.6
  resolution: "inflight@npm:1.0.6"
  dependencies:
    once: "npm:^1.3.0"
    wrappy: "npm:1"
  checksum: 10c0/7faca22584600a9dc5b9fca2cd5feb7135ac8c935449837b315676b4c90aa4f391ec4f42240178244b5a34e8bede1948627fda392ca3191522fc46b34e985ab2
  languageName: node
  linkType: hard

"inherits@npm:2":
  version: 2.0.4
  resolution: "inherits@npm:2.0.4"
  checksum: 10c0/4e531f648b29039fb7426fb94075e6545faa1eb9fe83c29f0b6d9e7263aceb4289d2d4557db0d428188eeb449cc7c5e77b0a0b2c4e248ff2a65933a0dee49ef2
  languageName: node
  linkType: hard

"ini@npm:^2.0.0":
  version: 2.0.0
  resolution: "ini@npm:2.0.0"
  checksum: 10c0/2e0c8f386369139029da87819438b20a1ff3fe58372d93fb1a86e9d9344125ace3a806b8ec4eb160a46e64cbc422fe68251869441676af49b7fc441af2389c25
  languageName: node
  linkType: hard

"is-core-module@npm:^2.16.0":
  version: 2.16.1
  resolution: "is-core-module@npm:2.16.1"
  dependencies:
    hasown: "npm:^2.0.2"
  checksum: 10c0/898443c14780a577e807618aaae2b6f745c8538eca5c7bc11388a3f2dc6de82b9902bcc7eb74f07be672b11bbe82dd6a6edded44a00cb3d8f933d0459905eedd
  languageName: node
  linkType: hard

"is-fullwidth-code-point@npm:^3.0.0":
  version: 3.0.0
  resolution: "is-fullwidth-code-point@npm:3.0.0"
  checksum: 10c0/bb11d825e049f38e04c06373a8d72782eee0205bda9d908cc550ccb3c59b99d750ff9537982e01733c1c94a58e35400661f57042158ff5e8f3e90cf936daf0fc
  languageName: node
  linkType: hard

"jsonfile@npm:^4.0.0":
  version: 4.0.0
  resolution: "jsonfile@npm:4.0.0"
  dependencies:
    graceful-fs: "npm:^4.1.6"
  dependenciesMeta:
    graceful-fs:
      optional: true
  checksum: 10c0/7dc94b628d57a66b71fb1b79510d460d662eb975b5f876d723f81549c2e9cd316d58a2ddf742b2b93a4fa6b17b2accaf1a738a0e2ea114bdfb13a32e5377e480
  languageName: node
  linkType: hard

"make-error@npm:^1.1.1":
  version: 1.3.6
  resolution: "make-error@npm:1.3.6"
  checksum: 10c0/171e458d86854c6b3fc46610cfacf0b45149ba043782558c6875d9f42f222124384ad0b468c92e996d815a8a2003817a710c0a160e49c1c394626f76fa45396f
  languageName: node
  linkType: hard

"minimatch@npm:^3.0.4, minimatch@npm:^3.1.1":
  version: 3.1.2
  resolution: "minimatch@npm:3.1.2"
  dependencies:
    brace-expansion: "npm:^1.1.7"
  checksum: 10c0/0262810a8fc2e72cca45d6fd86bd349eee435eb95ac6aa45c9ea2180e7ee875ef44c32b55b5973ceabe95ea12682f6e3725cbb63d7a2d1da3ae1163c8b210311
  languageName: node
  linkType: hard

"minimist@npm:^1.2.0, minimist@npm:^1.2.6":
  version: 1.2.8
  resolution: "minimist@npm:1.2.8"
  checksum: 10c0/19d3fcdca050087b84c2029841a093691a91259a47def2f18222f41e7645a0b7c44ef4b40e88a1e58a40c84d2ef0ee6047c55594d298146d0eb3f6b737c20ce6
  languageName: node
  linkType: hard

"minipass@npm:^3.0.0":
  version: 3.3.6
  resolution: "minipass@npm:3.3.6"
  dependencies:
    yallist: "npm:^4.0.0"
  checksum: 10c0/a114746943afa1dbbca8249e706d1d38b85ed1298b530f5808ce51f8e9e941962e2a5ad2e00eae7dd21d8a4aae6586a66d4216d1a259385e9d0358f0c1eba16c
  languageName: node
  linkType: hard

"minipass@npm:^5.0.0":
  version: 5.0.0
  resolution: "minipass@npm:5.0.0"
  checksum: 10c0/a91d8043f691796a8ac88df039da19933ef0f633e3d7f0d35dcd5373af49131cf2399bfc355f41515dc495e3990369c3858cd319e5c2722b4753c90bf3152462
  languageName: node
  linkType: hard

"minizlib@npm:^2.1.1":
  version: 2.1.2
  resolution: "minizlib@npm:2.1.2"
  dependencies:
    minipass: "npm:^3.0.0"
    yallist: "npm:^4.0.0"
  checksum: 10c0/64fae024e1a7d0346a1102bb670085b17b7f95bf6cfdf5b128772ec8faf9ea211464ea4add406a3a6384a7d87a0cd1a96263692134323477b4fb43659a6cab78
  languageName: node
  linkType: hard

"mkdirp@npm:^0.5.1":
  version: 0.5.6
  resolution: "mkdirp@npm:0.5.6"
  dependencies:
    minimist: "npm:^1.2.6"
  bin:
    mkdirp: bin/cmd.js
  checksum: 10c0/e2e2be789218807b58abced04e7b49851d9e46e88a2f9539242cc8a92c9b5c3a0b9bab360bd3014e02a140fc4fbc58e31176c408b493f8a2a6f4986bd7527b01
  languageName: node
  linkType: hard

"mkdirp@npm:^1.0.3":
  version: 1.0.4
  resolution: "mkdirp@npm:1.0.4"
  bin:
    mkdirp: bin/cmd.js
  checksum: 10c0/46ea0f3ffa8bc6a5bc0c7081ffc3907777f0ed6516888d40a518c5111f8366d97d2678911ad1a6882bf592fa9de6c784fea32e1687bb94e1f4944170af48a5cf
  languageName: node
  linkType: hard

"ms@npm:^2.1.1":
  version: 2.1.3
  resolution: "ms@npm:2.1.3"
  checksum: 10c0/d924b57e7312b3b63ad21fc5b3dc0af5e78d61a1fc7cfb5457edaf26326bf62be5307cc87ffb6862ef1c2b33b0233cdb5d4f01c4c958cc0d660948b65a287a48
  languageName: node
  linkType: hard

"node-gles@workspace:.":
  version: 0.0.0-use.local
  resolution: "node-gles@workspace:."
  dependencies:
    "@types/bindings": "npm:^1.3.0"
    "@types/node": "npm:^10.9.4"
    "@types/progress": "npm:^2.0.3"
    "@types/webgl2": "npm:0.0.11"
    adm-zip: "npm:^0.4.13"
    bindings: "npm:^1.3.0"
    clang-format: "npm:^1.2.4"
    https-proxy-agent: "npm:^2.2.3"
    progress: "npm:^2.0.3"
    rimraf: "npm:^2.6.2"
    tar: "npm:^6.0.1"
    ts-node: "npm:^7.0.1"
    typescript: "npm:^3.0.3"
    yalc: "npm:^1.0.0-pre.27"
  languageName: unknown
  linkType: soft

"npm-bundled@npm:^1.1.1":
  version: 1.1.2
  resolution: "npm-bundled@npm:1.1.2"
  dependencies:
    npm-normalize-package-bin: "npm:^1.0.1"
  checksum: 10c0/3f2337789afc8cb608a0dd71cefe459531053d48a5497db14b07b985c4cab15afcae88600db9f92eae072c89b982eeeec8e4463e1d77bc03a7e90f5dacf29769
  languageName: node
  linkType: hard

"npm-normalize-package-bin@npm:^1.0.1":
  version: 1.0.1
  resolution: "npm-normalize-package-bin@npm:1.0.1"
  checksum: 10c0/b0c8c05fe419a122e0ff970ccbe7874ae24b4b4b08941a24d18097fe6e1f4b93e3f6abfb5512f9c5488827a5592f2fb3ce2431c41d338802aed24b9a0c160551
  languageName: node
  linkType: hard

"npm-packlist@npm:^2.1.5":
  version: 2.2.2
  resolution: "npm-packlist@npm:2.2.2"
  dependencies:
    glob: "npm:^7.1.6"
    ignore-walk: "npm:^3.0.3"
    npm-bundled: "npm:^1.1.1"
    npm-normalize-package-bin: "npm:^1.0.1"
  bin:
    npm-packlist: bin/index.js
  checksum: 10c0/cf0b1350bfa2e4bdef5e283365fb54811bd095f4b6c8e5f1352a12a155f9aafbd22776b5a79fea7c5e952fab2e72c40f54cea2e139d7d705cfc6f6f955f1aa48
  languageName: node
  linkType: hard

"once@npm:^1.3.0":
  version: 1.4.0
  resolution: "once@npm:1.4.0"
  dependencies:
    wrappy: "npm:1"
  checksum: 10c0/5d48aca287dfefabd756621c5dfce5c91a549a93e9fdb7b8246bc4c4790aa2ec17b34a260530474635147aeb631a2dcc8b32c613df0675f96041cbb8244517d0
  languageName: node
  linkType: hard

"path-is-absolute@npm:^1.0.0":
  version: 1.0.1
  resolution: "path-is-absolute@npm:1.0.1"
  checksum: 10c0/127da03c82172a2a50099cddbf02510c1791fc2cc5f7713ddb613a56838db1e8168b121a920079d052e0936c23005562059756d653b7c544c53185efe53be078
  languageName: node
  linkType: hard

"path-parse@npm:^1.0.7":
  version: 1.0.7
  resolution: "path-parse@npm:1.0.7"
  checksum: 10c0/11ce261f9d294cc7a58d6a574b7f1b935842355ec66fba3c3fd79e0f036462eaf07d0aa95bb74ff432f9afef97ce1926c720988c6a7451d8a584930ae7de86e1
  languageName: node
  linkType: hard

"progress@npm:^2.0.3":
  version: 2.0.3
  resolution: "progress@npm:2.0.3"
  checksum: 10c0/1697e07cb1068055dbe9fe858d242368ff5d2073639e652b75a7eb1f2a1a8d4afd404d719de23c7b48481a6aa0040686310e2dac2f53d776daa2176d3f96369c
  languageName: node
  linkType: hard

"require-directory@npm:^2.1.1":
  version: 2.1.1
  resolution: "require-directory@npm:2.1.1"
  checksum: 10c0/83aa76a7bc1531f68d92c75a2ca2f54f1b01463cb566cf3fbc787d0de8be30c9dbc211d1d46be3497dac5785fe296f2dd11d531945ac29730643357978966e99
  languageName: node
  linkType: hard

"resolve@npm:^1.1.6":
  version: 1.22.10
  resolution: "resolve@npm:1.22.10"
  dependencies:
    is-core-module: "npm:^2.16.0"
    path-parse: "npm:^1.0.7"
    supports-preserve-symlinks-flag: "npm:^1.0.0"
  bin:
    resolve: bin/resolve
  checksum: 10c0/8967e1f4e2cc40f79b7e080b4582b9a8c5ee36ffb46041dccb20e6461161adf69f843b43067b4a375de926a2cd669157e29a29578191def399dd5ef89a1b5203
  languageName: node
  linkType: hard

"resolve@patch:resolve@npm%3A^1.1.6#optional!builtin<compat/resolve>":
  version: 1.22.10
  resolution: "resolve@patch:resolve@npm%3A1.22.10#optional!builtin<compat/resolve>::version=1.22.10&hash=c3c19d"
  dependencies:
    is-core-module: "npm:^2.16.0"
    path-parse: "npm:^1.0.7"
    supports-preserve-symlinks-flag: "npm:^1.0.0"
  bin:
    resolve: bin/resolve
  checksum: 10c0/52a4e505bbfc7925ac8f4cd91fd8c4e096b6a89728b9f46861d3b405ac9a1ccf4dcbf8befb4e89a2e11370dacd0160918163885cbc669369590f2f31f4c58939
  languageName: node
  linkType: hard

"rimraf@npm:^2.6.2":
  version: 2.7.1
  resolution: "rimraf@npm:2.7.1"
  dependencies:
    glob: "npm:^7.1.3"
  bin:
    rimraf: ./bin.js
  checksum: 10c0/4eef73d406c6940927479a3a9dee551e14a54faf54b31ef861250ac815172bade86cc6f7d64a4dc5e98b65e4b18a2e1c9ff3b68d296be0c748413f092bb0dd40
  languageName: node
  linkType: hard

"source-map-support@npm:^0.5.6":
  version: 0.5.21
  resolution: "source-map-support@npm:0.5.21"
  dependencies:
    buffer-from: "npm:^1.0.0"
    source-map: "npm:^0.6.0"
  checksum: 10c0/9ee09942f415e0f721d6daad3917ec1516af746a8120bba7bb56278707a37f1eb8642bde456e98454b8a885023af81a16e646869975f06afc1a711fb90484e7d
  languageName: node
  linkType: hard

"source-map@npm:^0.6.0":
  version: 0.6.1
  resolution: "source-map@npm:0.6.1"
  checksum: 10c0/ab55398007c5e5532957cb0beee2368529618ac0ab372d789806f5718123cc4367d57de3904b4e6a4170eb5a0b0f41373066d02ca0735a0c4d75c7d328d3e011
  languageName: node
  linkType: hard

"string-width@npm:^4.1.0, string-width@npm:^4.2.0":
  version: 4.2.3
  resolution: "string-width@npm:4.2.3"
  dependencies:
    emoji-regex: "npm:^8.0.0"
    is-fullwidth-code-point: "npm:^3.0.0"
    strip-ansi: "npm:^6.0.1"
  checksum: 10c0/1e525e92e5eae0afd7454086eed9c818ee84374bb80328fc41217ae72ff5f065ef1c9d7f72da41de40c75fa8bb3dee63d92373fd492c84260a552c636392a47b
  languageName: node
  linkType: hard

"strip-ansi@npm:^6.0.0, strip-ansi@npm:^6.0.1":
  version: 6.0.1
  resolution: "strip-ansi@npm:6.0.1"
  dependencies:
    ansi-regex: "npm:^5.0.1"
  checksum: 10c0/1ae5f212a126fe5b167707f716942490e3933085a5ff6c008ab97ab2f272c8025d3aa218b7bd6ab25729ca20cc81cddb252102f8751e13482a5199e873680952
  languageName: node
  linkType: hard

"supports-color@npm:^7.1.0":
  version: 7.2.0
  resolution: "supports-color@npm:7.2.0"
  dependencies:
    has-flag: "npm:^4.0.0"
  checksum: 10c0/afb4c88521b8b136b5f5f95160c98dee7243dc79d5432db7efc27efb219385bbc7d9427398e43dd6cc730a0f87d5085ce1652af7efbe391327bc0a7d0f7fc124
  languageName: node
  linkType: hard

"supports-preserve-symlinks-flag@npm:^1.0.0":
  version: 1.0.0
  resolution: "supports-preserve-symlinks-flag@npm:1.0.0"
  checksum: 10c0/6c4032340701a9950865f7ae8ef38578d8d7053f5e10518076e6554a9381fa91bd9c6850193695c141f32b21f979c985db07265a758867bac95de05f7d8aeb39
  languageName: node
  linkType: hard

"tar@npm:^6.0.1":
  version: 6.2.1
  resolution: "tar@npm:6.2.1"
  dependencies:
    chownr: "npm:^2.0.0"
    fs-minipass: "npm:^2.0.0"
    minipass: "npm:^5.0.0"
    minizlib: "npm:^2.1.1"
    mkdirp: "npm:^1.0.3"
    yallist: "npm:^4.0.0"
  checksum: 10c0/a5eca3eb50bc11552d453488344e6507156b9193efd7635e98e867fab275d527af53d8866e2370cd09dfe74378a18111622ace35af6a608e5223a7d27fe99537
  languageName: node
  linkType: hard

"ts-node@npm:^7.0.1":
  version: 7.0.1
  resolution: "ts-node@npm:7.0.1"
  dependencies:
    arrify: "npm:^1.0.0"
    buffer-from: "npm:^1.1.0"
    diff: "npm:^3.1.0"
    make-error: "npm:^1.1.1"
    minimist: "npm:^1.2.0"
    mkdirp: "npm:^0.5.1"
    source-map-support: "npm:^0.5.6"
    yn: "npm:^2.0.0"
  bin:
    ts-node: dist/bin.js
  checksum: 10c0/d6307766a716a77999e11c7f310312cf9d6addb98859d71e71d611ecafa6bdb90f07365f9acf7e9489cb43cfc2211486303172c3bcda370d20f0be54884fe647
  languageName: node
  linkType: hard

"typescript@npm:^3.0.3":
  version: 3.9.10
  resolution: "typescript@npm:3.9.10"
  bin:
    tsc: bin/tsc
    tsserver: bin/tsserver
  checksum: 10c0/863cc06070fa18a0f9c6a83265fb4922a8b51bf6f2c6760fb0b73865305ce617ea4bc6477381f9f4b7c3a8cb4a455b054f5469e6e41307733fe6a2bd9aae82f8
  languageName: node
  linkType: hard

"typescript@patch:typescript@npm%3A^3.0.3#optional!builtin<compat/typescript>":
  version: 3.9.10
  resolution: "typescript@patch:typescript@npm%3A3.9.10#optional!builtin<compat/typescript>::version=3.9.10&hash=3bd3d3"
  bin:
    tsc: bin/tsc
    tsserver: bin/tsserver
  checksum: 10c0/9041fb3886e7d6a560f985227b8c941d17a750f2edccb5f9b3a15a2480574654d9be803ad4a14aabcc2f2553c4d272a25fd698a7c42692f03f66b009fb46883c
  languageName: node
  linkType: hard

"undici-types@npm:~6.20.0":
  version: 6.20.0
  resolution: "undici-types@npm:6.20.0"
  checksum: 10c0/68e659a98898d6a836a9a59e6adf14a5d799707f5ea629433e025ac90d239f75e408e2e5ff086afc3cace26f8b26ee52155293564593fbb4a2f666af57fc59bf
  languageName: node
  linkType: hard

"universalify@npm:^0.1.0":
  version: 0.1.2
  resolution: "universalify@npm:0.1.2"
  checksum: 10c0/e70e0339f6b36f34c9816f6bf9662372bd241714dc77508d231d08386d94f2c4aa1ba1318614f92015f40d45aae1b9075cd30bd490efbe39387b60a76ca3f045
  languageName: node
  linkType: hard

"wrap-ansi@npm:^7.0.0":
  version: 7.0.0
  resolution: "wrap-ansi@npm:7.0.0"
  dependencies:
    ansi-styles: "npm:^4.0.0"
    string-width: "npm:^4.1.0"
    strip-ansi: "npm:^6.0.0"
  checksum: 10c0/d15fc12c11e4cbc4044a552129ebc75ee3f57aa9c1958373a4db0292d72282f54373b536103987a4a7594db1ef6a4f10acf92978f79b98c49306a4b58c77d4da
  languageName: node
  linkType: hard

"wrappy@npm:1":
  version: 1.0.2
  resolution: "wrappy@npm:1.0.2"
  checksum: 10c0/56fece1a4018c6a6c8e28fbc88c87e0fbf4ea8fd64fc6c63b18f4acc4bd13e0ad2515189786dd2c30d3eec9663d70f4ecf699330002f8ccb547e4a18231fc9f0
  languageName: node
  linkType: hard

"y18n@npm:^5.0.5":
  version: 5.0.8
  resolution: "y18n@npm:5.0.8"
  checksum: 10c0/4df2842c36e468590c3691c894bc9cdbac41f520566e76e24f59401ba7d8b4811eb1e34524d57e54bc6d864bcb66baab7ffd9ca42bf1eda596618f9162b91249
  languageName: node
  linkType: hard

"yalc@npm:^1.0.0-pre.27":
  version: 1.0.0-pre.53
  resolution: "yalc@npm:1.0.0-pre.53"
  dependencies:
    chalk: "npm:^4.1.0"
    detect-indent: "npm:^6.0.0"
    fs-extra: "npm:^8.0.1"
    glob: "npm:^7.1.4"
    ignore: "npm:^5.0.4"
    ini: "npm:^2.0.0"
    npm-packlist: "npm:^2.1.5"
    yargs: "npm:^16.1.1"
  bin:
    yalc: src/yalc.js
  checksum: 10c0/630f65b00740da6d568d46748a40e2bf2c872cf9babe7c319642a5b6db2dcd0a5d4a34e249d20099709e3ba09bb7e9b34ff78af5cd54c690668e094e156551c9
  languageName: node
  linkType: hard

"yallist@npm:^4.0.0":
  version: 4.0.0
  resolution: "yallist@npm:4.0.0"
  checksum: 10c0/2286b5e8dbfe22204ab66e2ef5cc9bbb1e55dfc873bbe0d568aa943eb255d131890dfd5bf243637273d31119b870f49c18fcde2c6ffbb7a7a092b870dc90625a
  languageName: node
  linkType: hard

"yargs-parser@npm:^20.2.2":
  version: 20.2.9
  resolution: "yargs-parser@npm:20.2.9"
  checksum: 10c0/0685a8e58bbfb57fab6aefe03c6da904a59769bd803a722bb098bd5b0f29d274a1357762c7258fb487512811b8063fb5d2824a3415a0a4540598335b3b086c72
  languageName: node
  linkType: hard

"yargs@npm:^16.1.1":
  version: 16.2.0
  resolution: "yargs@npm:16.2.0"
  dependencies:
    cliui: "npm:^7.0.2"
    escalade: "npm:^3.1.1"
    get-caller-file: "npm:^2.0.5"
    require-directory: "npm:^2.1.1"
    string-width: "npm:^4.2.0"
    y18n: "npm:^5.0.5"
    yargs-parser: "npm:^20.2.2"
  checksum: 10c0/b1dbfefa679848442454b60053a6c95d62f2d2e21dd28def92b647587f415969173c6e99a0f3bab4f1b67ee8283bf735ebe3544013f09491186ba9e8a9a2b651
  languageName: node
  linkType: hard

"yn@npm:^2.0.0":
  version: 2.0.0
  resolution: "yn@npm:2.0.0"
  checksum: 10c0/a52d74080871f22b3af8a6068d8579b86bf2bb81a968f6e406aa6e1ee85ba15f2e1d334184df6cd81024cec32a3cc8dc1f2f09ec4957b58b7b038b3cdef5cbd1
  languageName: node
  linkType: hard
